
Microsoft Visual Studio Solution File, Format Version 12.00
# Visual Studio Version 17
VisualStudioVersion = 17.14.36310.24 d17.14
MinimumVisualStudioVersion = 10.0.40219.1
Project("{FAE04EC0-301F-11D3-BF4B-00C04F79EFBC}") = "tabuadacomloop", "tabuadacomloop.csproj", "{1946150F-6DB3-4024-A900-94F0FF21F102}"
EndProject
Global
	GlobalSection(SolutionConfigurationPlatforms) = preSolution
		Debug|Any CPU = Debug|Any CPU
		Release|Any CPU = Release|Any CPU
	EndGlobalSection
	GlobalSection(ProjectConfigurationPlatforms) = postSolution
		{1946150F-6DB3-4024-A900-94F0FF21F102}.Debug|Any CPU.ActiveCfg = Debug|Any CPU
		{1946150F-6DB3-4024-A900-94F0FF21F102}.Debug|Any CPU.Build.0 = Debug|Any CPU
		{1946150F-6DB3-4024-A900-94F0FF21F102}.Release|Any CPU.ActiveCfg = Release|Any CPU
		{1946150F-6DB3-4024-A900-94F0FF21F102}.Release|Any CPU.Build.0 = Release|Any CPU
	EndGlobalSection
	GlobalSection(SolutionProperties) = preSolution
		HideSolutionNode = FALSE
	EndGlobalSection
	GlobalSection(ExtensibilityGlobals) = postSolution
		SolutionGuid = {8C2016D1-1F10-45B3-9076-2863C87EB659}
	EndGlobalSection
EndGlobal
