
Microsoft Visual Studio Solution File, Format Version 12.00
# Visual Studio Version 17
VisualStudioVersion = 17.14.36310.24 d17.14
MinimumVisualStudioVersion = 10.0.40219.1
Project("{FAE04EC0-301F-11D3-BF4B-00C04F79EFBC}") = "Atividade Pratica Matrizes", "Atividade Pratica Matrizes.csproj", "{4330D998-28ED-4ADB-87B8-4A87C85C0942}"
EndProject
Global
	GlobalSection(SolutionConfigurationPlatforms) = preSolution
		Debug|Any CPU = Debug|Any CPU
		Release|Any CPU = Release|Any CPU
	EndGlobalSection
	GlobalSection(ProjectConfigurationPlatforms) = postSolution
		{4330D998-28ED-4ADB-87B8-4A87C85C0942}.Debug|Any CPU.ActiveCfg = Debug|Any CPU
		{4330D998-28ED-4ADB-87B8-4A87C85C0942}.Debug|Any CPU.Build.0 = Debug|Any CPU
		{4330D998-28ED-4ADB-87B8-4A87C85C0942}.Release|Any CPU.ActiveCfg = Release|Any CPU
		{4330D998-28ED-4ADB-87B8-4A87C85C0942}.Release|Any CPU.Build.0 = Release|Any CPU
	EndGlobalSection
	GlobalSection(SolutionProperties) = preSolution
		HideSolutionNode = FALSE
	EndGlobalSection
	GlobalSection(ExtensibilityGlobals) = postSolution
		SolutionGuid = {22EFE142-1683-47CD-9A30-B703CFA3C8D0}
	EndGlobalSection
EndGlobal
