
Microsoft Visual Studio Solution File, Format Version 12.00
# Visual Studio Version 17
VisualStudioVersion = 17.14.36310.24 d17.14
MinimumVisualStudioVersion = 10.0.40219.1
Project("{FAE04EC0-301F-11D3-BF4B-00C04F79EFBC}") = "Atividade Pratica Tela de Login", "Atividade Pratica Tela de Login.csproj", "{63F9AD10-CDFA-46C2-B115-9A2D9F6AF55A}"
EndProject
Global
	GlobalSection(SolutionConfigurationPlatforms) = preSolution
		Debug|Any CPU = Debug|Any CPU
		Release|Any CPU = Release|Any CPU
	EndGlobalSection
	GlobalSection(ProjectConfigurationPlatforms) = postSolution
		{63F9AD10-CDFA-46C2-B115-9A2D9F6AF55A}.Debug|Any CPU.ActiveCfg = Debug|Any CPU
		{63F9AD10-CDFA-46C2-B115-9A2D9F6AF55A}.Debug|Any CPU.Build.0 = Debug|Any CPU
		{63F9AD10-CDFA-46C2-B115-9A2D9F6AF55A}.Release|Any CPU.ActiveCfg = Release|Any CPU
		{63F9AD10-CDFA-46C2-B115-9A2D9F6AF55A}.Release|Any CPU.Build.0 = Release|Any CPU
	EndGlobalSection
	GlobalSection(SolutionProperties) = preSolution
		HideSolutionNode = FALSE
	EndGlobalSection
	GlobalSection(ExtensibilityGlobals) = postSolution
		SolutionGuid = {D307D5C4-4E66-49F8-84B0-1BA3CF327B63}
	EndGlobalSection
EndGlobal
