
Microsoft Visual Studio Solution File, Format Version 12.00
# Visual Studio Version 17
VisualStudioVersion = 17.14.36310.24 d17.14
MinimumVisualStudioVersion = 10.0.40219.1
Project("{FAE04EC0-301F-11D3-BF4B-00C04F79EFBC}") = "CalcularIdeade", "CalcularIdeade.csproj", "{24D686DE-75A9-44FA-B35F-939966147CBB}"
EndProject
Global
	GlobalSection(SolutionConfigurationPlatforms) = preSolution
		Debug|Any CPU = Debug|Any CPU
		Release|Any CPU = Release|Any CPU
	EndGlobalSection
	GlobalSection(ProjectConfigurationPlatforms) = postSolution
		{24D686DE-75A9-44FA-B35F-939966147CBB}.Debug|Any CPU.ActiveCfg = Debug|Any CPU
		{24D686DE-75A9-44FA-B35F-939966147CBB}.Debug|Any CPU.Build.0 = Debug|Any CPU
		{24D686DE-75A9-44FA-B35F-939966147CBB}.Release|Any CPU.ActiveCfg = Release|Any CPU
		{24D686DE-75A9-44FA-B35F-939966147CBB}.Release|Any CPU.Build.0 = Release|Any CPU
	EndGlobalSection
	GlobalSection(SolutionProperties) = preSolution
		HideSolutionNode = FALSE
	EndGlobalSection
	GlobalSection(ExtensibilityGlobals) = postSolution
		SolutionGuid = {72869507-D05E-441E-AC31-84CC288EE273}
	EndGlobalSection
EndGlobal
