
Microsoft Visual Studio Solution File, Format Version 12.00
# Visual Studio Version 17
VisualStudioVersion = 17.14.36310.24 d17.14
MinimumVisualStudioVersion = 10.0.40219.1
Project("{FAE04EC0-301F-11D3-BF4B-00C04F79EFBC}") = "classeheranca", "classeheranca.csproj", "{F09B0C95-1217-494C-A933-71CF4CD8700C}"
EndProject
Global
	GlobalSection(SolutionConfigurationPlatforms) = preSolution
		Debug|Any CPU = Debug|Any CPU
		Release|Any CPU = Release|Any CPU
	EndGlobalSection
	GlobalSection(ProjectConfigurationPlatforms) = postSolution
		{F09B0C95-1217-494C-A933-71CF4CD8700C}.Debug|Any CPU.ActiveCfg = Debug|Any CPU
		{F09B0C95-1217-494C-A933-71CF4CD8700C}.Debug|Any CPU.Build.0 = Debug|Any CPU
		{F09B0C95-1217-494C-A933-71CF4CD8700C}.Release|Any CPU.ActiveCfg = Release|Any CPU
		{F09B0C95-1217-494C-A933-71CF4CD8700C}.Release|Any CPU.Build.0 = Release|Any CPU
	EndGlobalSection
	GlobalSection(SolutionProperties) = preSolution
		HideSolutionNode = FALSE
	EndGlobalSection
	GlobalSection(ExtensibilityGlobals) = postSolution
		SolutionGuid = {848DA6F9-CFD1-41B0-96EE-D86DF5EDF89F}
	EndGlobalSection
EndGlobal
