
Microsoft Visual Studio Solution File, Format Version 12.00
# Visual Studio Version 17
VisualStudioVersion = 17.14.36310.24 d17.14
MinimumVisualStudioVersion = 10.0.40219.1
Project("{FAE04EC0-301F-11D3-BF4B-00C04F79EFBC}") = "UiDesktopApp1", "UiDesktopApp1.csproj", "{D0083047-AFBD-4FEB-8EC6-CE4ABF9AC50E}"
EndProject
Global
	GlobalSection(SolutionConfigurationPlatforms) = preSolution
		Debug|Any CPU = Debug|Any CPU
		Release|Any CPU = Release|Any CPU
	EndGlobalSection
	GlobalSection(ProjectConfigurationPlatforms) = postSolution
		{D0083047-AFBD-4FEB-8EC6-CE4ABF9AC50E}.Debug|Any CPU.ActiveCfg = Debug|Any CPU
		{D0083047-AFBD-4FEB-8EC6-CE4ABF9AC50E}.Debug|Any CPU.Build.0 = Debug|Any CPU
		{D0083047-AFBD-4FEB-8EC6-CE4ABF9AC50E}.Release|Any CPU.ActiveCfg = Release|Any CPU
		{D0083047-AFBD-4FEB-8EC6-CE4ABF9AC50E}.Release|Any CPU.Build.0 = Release|Any CPU
	EndGlobalSection
	GlobalSection(SolutionProperties) = preSolution
		HideSolutionNode = FALSE
	EndGlobalSection
	GlobalSection(ExtensibilityGlobals) = postSolution
		SolutionGuid = {6BFB3D35-0069-43D1-859E-F1479FBFECEF}
	EndGlobalSection
EndGlobal
