
Microsoft Visual Studio Solution File, Format Version 12.00
# Visual Studio Version 17
VisualStudioVersion = 17.14.36310.24 d17.14
MinimumVisualStudioVersion = 10.0.40219.1
Project("{FAE04EC0-301F-11D3-BF4B-00C04F79EFBC}") = "spotify", "spotify.csproj", "{8958A866-7ECD-4F73-9F79-0FC8B1A95651}"
EndProject
Global
	GlobalSection(SolutionConfigurationPlatforms) = preSolution
		Debug|Any CPU = Debug|Any CPU
		Release|Any CPU = Release|Any CPU
	EndGlobalSection
	GlobalSection(ProjectConfigurationPlatforms) = postSolution
		{8958A866-7ECD-4F73-9F79-0FC8B1A95651}.Debug|Any CPU.ActiveCfg = Debug|Any CPU
		{8958A866-7ECD-4F73-9F79-0FC8B1A95651}.Debug|Any CPU.Build.0 = Debug|Any CPU
		{8958A866-7ECD-4F73-9F79-0FC8B1A95651}.Release|Any CPU.ActiveCfg = Release|Any CPU
		{8958A866-7ECD-4F73-9F79-0FC8B1A95651}.Release|Any CPU.Build.0 = Release|Any CPU
	EndGlobalSection
	GlobalSection(SolutionProperties) = preSolution
		HideSolutionNode = FALSE
	EndGlobalSection
	GlobalSection(ExtensibilityGlobals) = postSolution
		SolutionGuid = {1A9001E3-EBE8-4A13-979E-26FB92F34242}
	EndGlobalSection
EndGlobal
